
Microsoft Visual Studio Solution File, Format Version 12.00
# Visual Studio Version 16
VisualStudioVersion = 16.0.30503.244
MinimumVisualStudioVersion = 10.0.40219.1
Project("{FAE04EC0-301F-11D3-BF4B-00C04F79EFBC}") = "LGAudioSwitch", "LGAudioSwitch\LGAudioSwitch.csproj", "{B0D03D16-C5DB-48E2-837E-F211F710F62A}"
EndProject
Project("{FAE04EC0-301F-11D3-BF4B-00C04F79EFBC}") = "LGAudioSwitch.Debugger", "LGAudioSwitch.Debugger\LGAudioSwitch.Debugger.csproj", "{F6542ADA-F065-4C91-BC55-8FEC12260518}"
EndProject
Global
	GlobalSection(SolutionConfigurationPlatforms) = preSolution
		Debug|Any CPU = Debug|Any CPU
		Release|Any CPU = Release|Any CPU
	EndGlobalSection
	GlobalSection(ProjectConfigurationPlatforms) = postSolution
		{B0D03D16-C5DB-48E2-837E-F211F710F62A}.Debug|Any CPU.ActiveCfg = Debug|Any CPU
		{B0D03D16-C5DB-48E2-837E-F211F710F62A}.Debug|Any CPU.Build.0 = Debug|Any CPU
		{B0D03D16-C5DB-48E2-837E-F211F710F62A}.Release|Any CPU.ActiveCfg = Release|Any CPU
		{B0D03D16-C5DB-48E2-837E-F211F710F62A}.Release|Any CPU.Build.0 = Release|Any CPU
		{F6542ADA-F065-4C91-BC55-8FEC12260518}.Debug|Any CPU.ActiveCfg = Debug|Any CPU
		{F6542ADA-F065-4C91-BC55-8FEC12260518}.Debug|Any CPU.Build.0 = Debug|Any CPU
		{F6542ADA-F065-4C91-BC55-8FEC12260518}.Release|Any CPU.ActiveCfg = Release|Any CPU
		{F6542ADA-F065-4C91-BC55-8FEC12260518}.Release|Any CPU.Build.0 = Release|Any CPU
	EndGlobalSection
	GlobalSection(SolutionProperties) = preSolution
		HideSolutionNode = FALSE
	EndGlobalSection
	GlobalSection(ExtensibilityGlobals) = postSolution
		SolutionGuid = {304E263D-6F06-45CF-854E-89A7FF1F92D4}
	EndGlobalSection
EndGlobal
